
Microsoft Visual Studio Solution File, Format Version 12.00
# Visual Studio Version 17
VisualStudioVersion = 17.4.33110.190
MinimumVisualStudioVersion = 10.0.40219.1
Project("{FAE04EC0-301F-11D3-BF4B-00C04F79EFBC}") = "Day6MvcApp", "Day6MvcApp\Day6MvcApp.csproj", "{429F2C3D-5C3D-4F99-AB47-1C074199EE4B}"
EndProject
Global
	GlobalSection(SolutionConfigurationPlatforms) = preSolution
		Debug|Any CPU = Debug|Any CPU
		Release|Any CPU = Release|Any CPU
	EndGlobalSection
	GlobalSection(ProjectConfigurationPlatforms) = postSolution
		{429F2C3D-5C3D-4F99-AB47-1C074199EE4B}.Debug|Any CPU.ActiveCfg = Debug|Any CPU
		{429F2C3D-5C3D-4F99-AB47-1C074199EE4B}.Debug|Any CPU.Build.0 = Debug|Any CPU
		{429F2C3D-5C3D-4F99-AB47-1C074199EE4B}.Release|Any CPU.ActiveCfg = Release|Any CPU
		{429F2C3D-5C3D-4F99-AB47-1C074199EE4B}.Release|Any CPU.Build.0 = Release|Any CPU
	EndGlobalSection
	GlobalSection(SolutionProperties) = preSolution
		HideSolutionNode = FALSE
	EndGlobalSection
	GlobalSection(ExtensibilityGlobals) = postSolution
		SolutionGuid = {40393C19-A138-444A-BD8C-13440086CEA0}
	EndGlobalSection
EndGlobal
